// !$*UTF8*$!
{
	archiveVersion = 1;
	classes = {
	};
	objectVersion = 46;
	objects = {

/* Begin PBXBuildFile section */
		12AE57641C130ACE00524B27 /* AppDelegate.swift in Sources */ = {isa = PBXBuildFile; fileRef = 12AE57631C130ACE00524B27 /* AppDelegate.swift */; };
		12AE57661C130ACE00524B27 /* ViewController.swift in Sources */ = {isa = PBXBuildFile; fileRef = 12AE57651C130ACE00524B27 /* ViewController.swift */; };
		12AE57691C130ACE00524B27 /* Main.storyboard in Resources */ = {isa = PBXBuildFile; fileRef = 12AE57671C130ACE00524B27 /* Main.storyboard */; };
		12AE576B1C130ACE00524B27 /* Assets.xcassets in Resources */ = {isa = PBXBuildFile; fileRef = 12AE576A1C130ACE00524B27 /* Assets.xcassets */; };
		12AE576E1C130ACE00524B27 /* LaunchScreen.storyboard in Resources */ = {isa = PBXBuildFile; fileRef = 12AE576C1C130ACE00524B27 /* LaunchScreen.storyboard */; };
		12AE57761C130F4B00524B27 /* MJBadgeBarButton.swift in Sources */ = {isa = PBXBuildFile; fileRef = 12AE57751C130F4B00524B27 /* MJBadgeBarButton.swift */; };
/* End PBXBuildFile section */

/* Begin PBXFileReference section */
		12AE57601C130ACE00524B27 /* MJBadgeButton.app */ = {isa = PBXFileReference; explicitFileType = wrapper.application; includeInIndex = 0; path = MJBadgeButton.app; sourceTree = BUILT_PRODUCTS_DIR; };
		12AE57631C130ACE00524B27 /* AppDelegate.swift */ = {isa = PBXFileReference; lastKnownFileType = sourcecode.swift; path = AppDelegate.swift; sourceTree = "<group>"; };
		12AE57651C130ACE00524B27 /* ViewController.swift */ = {isa = PBXFileReference; lastKnownFileType = sourcecode.swift; path = ViewController.swift; sourceTree = "<group>"; };
		12AE57681C130ACE00524B27 /* Base */ = {isa = PBXFileReference; lastKnownFileType = file.storyboard; name = Base; path = Base.lproj/Main.storyboard; sourceTree = "<group>"; };
		12AE576A1C130ACE00524B27 /* Assets.xcassets */ = {isa = PBXFileReference; lastKnownFileType = folder.assetcatalog; path = Assets.xcassets; sourceTree = "<group>"; };
		12AE576D1C130ACE00524B27 /* Base */ = {isa = PBXFileReference; lastKnownFileType = file.storyboard; name = Base; path = Base.lproj/LaunchScreen.storyboard; sourceTree = "<group>"; };
		12AE576F1C130ACE00524B27 /* Info.plist */ = {isa = PBXFileReference; lastKnownFileType = text.plist.xml; path = Info.plist; sourceTree = "<group>"; };
		12AE57751C130F4B00524B27 /* MJBadgeBarButton.swift */ = {isa = PBXFileReference; fileEncoding = 4; lastKnownFileType = sourcecode.swift; path = MJBadgeBarButton.swift; sourceTree = "<group>"; };
/* End PBXFileReference section */

/* Begin PBXFrameworksBuildPhase section */
		12AE575D1C130ACE00524B27 /* Frameworks */ = {
			isa = PBXFrameworksBuildPhase;
			buildActionMask = 2147483647;
			files = (
			);
			runOnlyForDeploymentPostprocessing = 0;
		};
/* End PBXFrameworksBuildPhase section */

/* Begin PBXGroup section */
		12AE57571C130ACE00524B27 = {
			isa = PBXGroup;
			children = (
				12AE57621C130ACE00524B27 /* MJBadgeButton */,
				12AE57611C130ACE00524B27 /* Products */,
			);
			sourceTree = "<group>";
		};
		12AE57611C130ACE00524B27 /* Products */ = {
			isa = PBXGroup;
			children = (
				12AE57601C130ACE00524B27 /* MJBadgeButton.app */,
			);
			name = Products;
			sourceTree = "<group>";
		};
		12AE57621C130ACE00524B27 /* MJBadgeButton */ = {
			isa = PBXGroup;
			children = (
				12AE57631C130ACE00524B27 /* AppDelegate.swift */,
				12AE57651C130ACE00524B27 /* ViewController.swift */,
				12AE57751C130F4B00524B27 /* MJBadgeBarButton.swift */,
				12AE57671C130ACE00524B27 /* Main.storyboard */,
				12AE576A1C130ACE00524B27 /* Assets.xcassets */,
				12AE576C1C130ACE00524B27 /* LaunchScreen.storyboard */,
				12AE576F1C130ACE00524B27 /* Info.plist */,
			);
			path = MJBadgeButton;
			sourceTree = "<group>";
		};
/* End PBXGroup section */

/* Begin PBXNativeTarget section */
		12AE575F1C130ACE00524B27 /* MJBadgeButton */ = {
			isa = PBXNativeTarget;
			buildConfigurationList = 12AE57721C130ACE00524B27 /* Build configuration list for PBXNativeTarget "MJBadgeButton" */;
			buildPhases = (
				12AE575C1C130ACE00524B27 /* Sources */,
				12AE575D1C130ACE00524B27 /* Frameworks */,
				12AE575E1C130ACE00524B27 /* Resources */,
			);
			buildRules = (
			);
			dependencies = (
			);
			name = MJBadgeButton;
			productName = MJBadgeButton;
			productReference = 12AE57601C130ACE00524B27 /* MJBadgeButton.app */;
			productType = "com.apple.product-type.application";
		};
/* End PBXNativeTarget section */

/* Begin PBXProject section */
		12AE57581C130ACE00524B27 /* Project object */ = {
			isa = PBXProject;
			attributes = {
				LastSwiftUpdateCheck = 0710;
				LastUpgradeCheck = 0710;
				ORGANIZATIONNAME = MJ;
				TargetAttributes = {
					12AE575F1C130ACE00524B27 = {
						CreatedOnToolsVersion = 7.1.1;
					};
				};
			};
			buildConfigurationList = 12AE575B1C130ACE00524B27 /* Build configuration list for PBXProject "MJBadgeButton" */;
			compatibilityVersion = "Xcode 3.2";
			developmentRegion = English;
			hasScannedForEncodings = 0;
			knownRegions = (
				en,
				Base,
			);
			mainGroup = 12AE57571C130ACE00524B27;
			productRefGroup = 12AE57611C130ACE00524B27 /* Products */;
			projectDirPath = "";
			projectRoot = "";
			targets = (
				12AE575F1C130ACE00524B27 /* MJBadgeButton */,
			);
		};
/* End PBXProject section */

/* Begin PBXResourcesBuildPhase section */
		12AE575E1C130ACE00524B27 /* Resources */ = {
			isa = PBXResourcesBuildPhase;
			buildActionMask = 2147483647;
			files = (
				12AE576E1C130ACE00524B27 /* LaunchScreen.storyboard in Resources */,
				12AE576B1C130ACE00524B27 /* Assets.xcassets in Resources */,
				12AE57691C130ACE00524B27 /* Main.storyboard in Resources */,
			);
			runOnlyForDeploymentPostprocessing = 0;
		};
/* End PBXResourcesBuildPhase section */

/* Begin PBXSourcesBuildPhase section */
		12AE575C1C130ACE00524B27 /* Sources */ = {
			isa = PBXSourcesBuildPhase;
			buildActionMask = 2147483647;
			files = (
				12AE57661C130ACE00524B27 /* ViewController.swift in Sources */,
				12AE57641C130ACE00524B27 /* AppDelegate.swift in Sources */,
				12AE57761C130F4B00524B27 /* MJBadgeBarButton.swift in Sources */,
			);
			runOnlyForDeploymentPostprocessing = 0;
		};
/* End PBXSourcesBuildPhase section */

/* Begin PBXVariantGroup section */
		12AE57671C130ACE00524B27 /* Main.storyboard */ = {
			isa = PBXVariantGroup;
			children = (
				12AE57681C130ACE00524B27 /* Base */,
			);
			name = Main.storyboard;
			sourceTree = "<group>";
		};
		12AE576C1C130ACE00524B27 /* LaunchScreen.storyboard */ = {
			isa = PBXVariantGroup;
			children = (
				12AE576D1C130ACE00524B27 /* Base */,
			);
			name = LaunchScreen.storyboard;
			sourceTree = "<group>";
		};
/* End PBXVariantGroup section */

/* Begin XCBuildConfiguration section */
		12AE57701C130ACE00524B27 /* Debug */ = {
			isa = XCBuildConfiguration;
			buildSettings = {
				ALWAYS_SEARCH_USER_PATHS = NO;
				CLANG_CXX_LANGUAGE_STANDARD = "gnu++0x";
				CLANG_CXX_LIBRARY = "libc++";
				CLANG_ENABLE_MODULES = YES;
				CLANG_ENABLE_OBJC_ARC = YES;
				CLANG_WARN_BOOL_CONVERSION = YES;
				CLANG_WARN_CONSTANT_CONVERSION = YES;
				CLANG_WARN_DIRECT_OBJC_ISA_USAGE = YES_ERROR;
				CLANG_WARN_EMPTY_BODY = YES;
				CLANG_WARN_ENUM_CONVERSION = YES;
				CLANG_WARN_INT_CONVERSION = YES;
				CLANG_WARN_OBJC_ROOT_CLASS = YES_ERROR;
				CLANG_WARN_UNREACHABLE_CODE = YES;
				CLANG_WARN__DUPLICATE_METHOD_MATCH = YES;
				"CODE_SIGN_IDENTITY[sdk=iphoneos*]" = "iPhone Developer";
				COPY_PHASE_STRIP = NO;
				DEBUG_INFORMATION_FORMAT = dwarf;
				ENABLE_STRICT_OBJC_MSGSEND = YES;
				ENABLE_TESTABILITY = YES;
				GCC_C_LANGUAGE_STANDARD = gnu99;
				GCC_DYNAMIC_NO_PIC = NO;
				GCC_NO_COMMON_BLOCKS = YES;
				GCC_OPTIMIZATION_LEVEL = 0;
				GCC_PREPROCESSOR_DEFINITIONS = (
					"DEBUG=1",
					"$(inherited)",
				);
				GCC_WARN_64_TO_32_BIT_CONVERSION = YES;
				GCC_WARN_ABOUT_RETURN_TYPE = YES_ERROR;
				GCC_WARN_UNDECLARED_SELECTOR = YES;
				GCC_WARN_UNINITIALIZED_AUTOS = YES_AGGRESSIVE;
				GCC_WARN_UNUSED_FUNCTION = YES;
				GCC_WARN_UNUSED_VARIABLE = YES;
				IPHONEOS_DEPLOYMENT_TARGET = 9.1;
				MTL_ENABLE_DEBUG_INFO = YES;
				ONLY_ACTIVE_ARCH = YES;
				SDKROOT = iphoneos;
				SWIFT_OPTIMIZATION_LEVEL = "-Onone";
				TARGETED_DEVICE_FAMILY = "1,2";
			};
			name = Debug;
		};
		12AE57711C130ACE00524B27 /* Release */ = {
			isa = XCBuildConfiguration;
			buildSettings = {
				ALWAYS_SEARCH_USER_PATHS = NO;
				CLANG_CXX_LANGUAGE_STANDARD = "gnu++0x";
				CLANG_CXX_LIBRARY = "libc++";
				CLANG_ENABLE_MODULES = YES;
				CLANG_ENABLE_OBJC_ARC = YES;
				CLANG_WARN_BOOL_CONVERSION = YES;
				CLANG_WARN_CONSTANT_CONVERSION = YES;
				CLANG_WARN_DIRECT_OBJC_ISA_USAGE = YES_ERROR;
				CLANG_WARN_EMPTY_BODY = YES;
				CLANG_WARN_ENUM_CONVERSION = YES;
				CLANG_WARN_INT_CONVERSION = YES;
				CLANG_WARN_OBJC_ROOT_CLASS = YES_ERROR;
				CLANG_WARN_UNREACHABLE_CODE = YES;
				CLANG_WARN__DUPLICATE_METHOD_MATCH = YES;
				"CODE_SIGN_IDENTITY[sdk=iphoneos*]" = "iPhone Developer";
				COPY_PHASE_STRIP = NO;
				DEBUG_INFORMATION_FORMAT = "dwarf-with-dsym";
				ENABLE_NS_ASSERTIONS = NO;
				ENABLE_STRICT_OBJC_MSGSEND = YES;
				GCC_C_LANGUAGE_STANDARD = gnu99;
				GCC_NO_COMMON_BLOCKS = YES;
				GCC_WARN_64_TO_32_BIT_CONVERSION = YES;
				GCC_WARN_ABOUT_RETURN_TYPE = YES_ERROR;
				GCC_WARN_UNDECLARED_SELECTOR = YES;
				GCC_WARN_UNINITIALIZED_AUTOS = YES_AGGRESSIVE;
				GCC_WARN_UNUSED_FUNCTION = YES;
				GCC_WARN_UNUSED_VARIABLE = YES;
				IPHONEOS_DEPLOYMENT_TARGET = 9.1;
				MTL_ENABLE_DEBUG_INFO = NO;
				SDKROOT = iphoneos;
				TARGETED_DEVICE_FAMILY = "1,2";
				VALIDATE_PRODUCT = YES;
			};
			name = Release;
		};
		12AE57731C130ACE00524B27 /* Debug */ = {
			isa = XCBuildConfiguration;
			buildSettings = {
				ASSETCATALOG_COMPILER_APPICON_NAME = AppIcon;
				INFOPLIST_FILE = MJBadgeButton/Info.plist;
				LD_RUNPATH_SEARCH_PATHS = "$(inherited) @executable_path/Frameworks";
				PRODUCT_BUNDLE_IDENTIFIER = MJ.MJBadgeButton;
				PRODUCT_NAME = "$(TARGET_NAME)";
			};
			name = Debug;
		};
		12AE57741C130ACE00524B27 /* Release */ = {
			isa = XCBuildConfiguration;
			buildSettings = {
				ASSETCATALOG_COMPILER_APPICON_NAME = AppIcon;
				INFOPLIST_FILE = MJBadgeButton/Info.plist;
				LD_RUNPATH_SEARCH_PATHS = "$(inherited) @executable_path/Frameworks";
				PRODUCT_BUNDLE_IDENTIFIER = MJ.MJBadgeButton;
				PRODUCT_NAME = "$(TARGET_NAME)";
			};
			name = Release;
		};
/* End XCBuildConfiguration section */

/* Begin XCConfigurationList section */
		12AE575B1C130ACE00524B27 /* Build configuration list for PBXProject "MJBadgeButton" */ = {
			isa = XCConfigurationList;
			buildConfigurations = (
				12AE57701C130ACE00524B27 /* Debug */,
				12AE57711C130ACE00524B27 /* Release */,
			);
			defaultConfigurationIsVisible = 0;
			defaultConfigurationName = Release;
		};
		12AE57721C130ACE00524B27 /* Build configuration list for PBXNativeTarget "MJBadgeButton" */ = {
			isa = XCConfigurationList;
			buildConfigurations = (
				12AE57731C130ACE00524B27 /* Debug */,
				12AE57741C130ACE00524B27 /* Release */,
			);
			defaultConfigurationIsVisible = 0;
			defaultConfigurationName = Release;
		};
/* End XCConfigurationList section */
	};
	rootObject = 12AE57581C130ACE00524B27 /* Project object */;
}
